<?xml version="1.0" encoding="utf-8"?>
<Project ToolsVersion="4.0" xmlns="http://schemas.microsoft.com/developer/msbuild/2003">
  <ItemGroup>
    <ClCompile Include="CMUgraphicsLib\auxil.cpp" />
    <ClCompile Include="CMUgraphicsLib\CMUgraphics.cpp" />
    <ClCompile Include="CMUgraphicsLib\image.cpp" />
    <ClCompile Include="CMUgraphicsLib\jpegload.c" />
    <ClCompile Include="CMUgraphicsLib\keyqueue.cpp" />
    <ClCompile Include="CMUgraphicsLib\mousequeue.cpp" />
    <ClCompile Include="CMUgraphicsLib\windowinput.cpp" />
    <ClCompile Include="CMUgraphicsLib\jpeg\jcomapi.c" />
    <ClCompile Include="CMUgraphicsLib\jpeg\jcparam.c" />
    <ClCompile Include="CMUgraphicsLib\jpeg\jdapimin.c" />
    <ClCompile Include="CMUgraphicsLib\jpeg\jdapistd.c" />
    <ClCompile Include="CMUgraphicsLib\jpeg\jdatasrc.c" />
    <ClCompile Include="CMUgraphicsLib\jpeg\jdcoefct.c" />
    <ClCompile Include="CMUgraphicsLib\jpeg\jdcolor.c" />
    <ClCompile Include="CMUgraphicsLib\jpeg\jddctmgr.c" />
    <ClCompile Include="CMUgraphicsLib\jpeg\jdhuff.c" />
    <ClCompile Include="CMUgraphicsLib\jpeg\jdinput.c" />
    <ClCompile Include="CMUgraphicsLib\jpeg\jdmainct.c" />
    <ClCompile Include="CMUgraphicsLib\jpeg\jdmarker.c" />
    <ClCompile Include="CMUgraphicsLib\jpeg\jdmaster.c" />
    <ClCompile Include="CMUgraphicsLib\jpeg\jdmerge.c" />
    <ClCompile Include="CMUgraphicsLib\jpeg\jdphuff.c" />
    <ClCompile Include="CMUgraphicsLib\jpeg\jdpostct.c" />
    <ClCompile Include="CMUgraphicsLib\jpeg\jdsample.c" />
    <ClCompile Include="CMUgraphicsLib\jpeg\jdtrans.c" />
    <ClCompile Include="CMUgraphicsLib\jpeg\jerror.c" />
    <ClCompile Include="CMUgraphicsLib\jpeg\jidctflt.c" />
    <ClCompile Include="CMUgraphicsLib\jpeg\jidctfst.c" />
    <ClCompile Include="CMUgraphicsLib\jpeg\jidctint.c" />
    <ClCompile Include="CMUgraphicsLib\jpeg\jidctred.c" />
    <ClCompile Include="CMUgraphicsLib\jpeg\jmemmgr.c" />
    <ClCompile Include="CMUgraphicsLib\jpeg\jmemnobs.c" />
    <ClCompile Include="CMUgraphicsLib\jpeg\jquant1.c" />
    <ClCompile Include="CMUgraphicsLib\jpeg\jquant2.c" />
    <ClCompile Include="CMUgraphicsLib\jpeg\jutils.c" />
    <ClCompile Include="GUI\GUI.cpp" />
    <ClCompile Include="controller.cpp" />
    <ClCompile Include="main.cpp" />
    <ClCompile Include="operations\opAddCircle.cpp" />
    <ClCompile Include="operations\opAddLine.cpp" />
    <ClCompile Include="operations\opAddRect.cpp" />
    <ClCompile Include="operations\opAddSquare.cpp" />
    <ClCompile Include="operations\opAddTriangle.cpp" />
    <ClCompile Include="operations\opChngDrawClr.cpp" />
    <ClCompile Include="operations\opChngFillClr.cpp" />
    <ClCompile Include="operations\opDelete.cpp" />
    <ClCompile Include="operations\opExit.cpp" />
    <ClCompile Include="operations\opSave.cpp" />
    <ClCompile Include="operations\opSwitch.cpp" />
    <ClCompile Include="Shapes\Circle.cpp" />
    <ClCompile Include="Shapes\Graph.cpp" />
    <ClCompile Include="Shapes\Line.cpp" />
    <ClCompile Include="Shapes\Shape.cpp" />
    <ClCompile Include="Shapes\Rect.cpp" />
    <ClCompile Include="Shapes\Square.cpp" />
    <ClCompile Include="Shapes\Triangle.cpp" />
    <ClCompile Include="operations\opSelect.cpp" />
    <ClCompile Include="operations\opLoad.cpp" />
    <ClCompile Include="operations\opPaste.cpp" />
    <ClCompile Include="operations\opCopy.cpp" />
    <ClCompile Include="operations\opResize.cpp" />
    <ClCompile Include="operations\opMove.cpp" />
  </ItemGroup>
  <ItemGroup>
    <ClInclude Include="CMUgraphicsLib\auxil.h" />
    <ClInclude Include="CMUgraphicsLib\CMUgraphics.h" />
    <ClInclude Include="CMUgraphicsLib\colors.h" />
    <ClInclude Include="CMUgraphicsLib\error.h" />
    <ClInclude Include="CMUgraphicsLib\image.h" />
    <ClInclude Include="CMUgraphicsLib\jpegload.h" />
    <ClInclude Include="CMUgraphicsLib\keyqueue.h" />
    <ClInclude Include="CMUgraphicsLib\mousequeue.h" />
    <ClInclude Include="CMUgraphicsLib\version.h" />
    <ClInclude Include="CMUgraphicsLib\windowinput.h" />
    <ClInclude Include="CMUgraphicsLib\jpeg\jconfig.h" />
    <ClInclude Include="CMUgraphicsLib\jpeg\jdct.h" />
    <ClInclude Include="CMUgraphicsLib\jpeg\jdhuff.h" />
    <ClInclude Include="CMUgraphicsLib\jpeg\jerror.h" />
    <ClInclude Include="CMUgraphicsLib\jpeg\jinclude.h" />
    <ClInclude Include="CMUgraphicsLib\jpeg\jmemsys.h" />
    <ClInclude Include="CMUgraphicsLib\jpeg\jmorecfg.h" />
    <ClInclude Include="CMUgraphicsLib\jpeg\jpegint.h" />
    <ClInclude Include="CMUgraphicsLib\jpeg\jpeglib.h" />
    <ClInclude Include="CMUgraphicsLib\jpeg\jversion.h" />
    <ClInclude Include="GUI\GUI.h" />
    <ClInclude Include="controller.h" />
    <ClInclude Include="DEFS.h" />
    <ClInclude Include="operations\opAddCircle.h" />
    <ClInclude Include="operations\opAddLine.h" />
    <ClInclude Include="operations\opAddRect.h" />
    <ClInclude Include="operations\opAddSquare.h" />
    <ClInclude Include="operations\opAddTriangle.h" />
    <ClInclude Include="operations\opChngDrawClr.h" />
    <ClInclude Include="operations\opChngFillClr.h" />
    <ClInclude Include="operations\opDelete.h" />
    <ClInclude Include="operations\operation.h" />
    <ClInclude Include="operations\opExit.h" />
    <ClInclude Include="operations\opSave.h" />
    <ClInclude Include="operations\opSwitch.h" />
    <ClInclude Include="resource.h" />
    <ClInclude Include="Shapes\Circle.h" />
    <ClInclude Include="Shapes\Graph.h" />
    <ClInclude Include="Shapes\Line.h" />
    <ClInclude Include="Shapes\Shape.h" />
    <ClInclude Include="Shapes\Rect.h" />
    <ClInclude Include="Shapes\Square.h" />
    <ClInclude Include="Shapes\Triangle.h" />
    <ClInclude Include="operations\opSelect.h" />
    <ClInclude Include="operations\opLoad.h" />
    <ClInclude Include="operations\opPaste.h" />
    <ClInclude Include="operations\opCopy.h" />
    <ClInclude Include="operations\opResize.h" />
    <ClInclude Include="operations\opMove.h" />
  </ItemGroup>
</Project>